
Microsoft Visual Studio Solution File, Format Version 12.00
# Visual Studio 2013
VisualStudioVersion = 12.0.21005.1
MinimumVisualStudioVersion = 10.0.40219.1
Project("{FAE04EC0-301F-11D3-BF4B-00C04F79EFBC}") = "BnWS", "BnWS\BnWS.csproj", "{32C22614-556C-4255-9612-22B0F98AF3FD}"
EndProject
Project("{FAE04EC0-301F-11D3-BF4B-00C04F79EFBC}") = "BnWS.Entity", "BnWS.Entity\BnWS.Entity.csproj", "{15326AB3-CE78-4312-B713-25E270CBC6B0}"
EndProject
Project("{FAE04EC0-301F-11D3-BF4B-00C04F79EFBC}") = "BnWS.Business", "BnWS.Business\BnWS.Business.csproj", "{5EEDD572-EDC1-4365-87B7-89F08A295535}"
EndProject
Project("{FAE04EC0-301F-11D3-BF4B-00C04F79EFBC}") = "Bn.WeiXin", "Bn.WeiXin\Bn.WeiXin.csproj", "{EAC53775-11CB-42C6-9FFA-DE5A3B45E12D}"
EndProject
Project("{FAE04EC0-301F-11D3-BF4B-00C04F79EFBC}") = "Bn.WeiXin.Handlers", "Bn.WeiXin.Handlers\Bn.WeiXin.Handlers.csproj", "{3B013DC1-AFF6-4E57-BEBD-B50048A979B1}"
EndProject
Project("{2150E333-8FDC-42A3-9474-1A3956D46DE8}") = ".nuget", ".nuget", "{759CA44E-8E0D-4C39-A8D0-50FE43260B77}"
	ProjectSection(SolutionItems) = preProject
		.nuget\NuGet.Config = .nuget\NuGet.Config
		.nuget\NuGet.exe = .nuget\NuGet.exe
		.nuget\NuGet.targets = .nuget\NuGet.targets
	EndProjectSection
EndProject
Global
	GlobalSection(SolutionConfigurationPlatforms) = preSolution
		Debug|Any CPU = Debug|Any CPU
		Release|Any CPU = Release|Any CPU
	EndGlobalSection
	GlobalSection(ProjectConfigurationPlatforms) = postSolution
		{32C22614-556C-4255-9612-22B0F98AF3FD}.Debug|Any CPU.ActiveCfg = Debug|Any CPU
		{32C22614-556C-4255-9612-22B0F98AF3FD}.Debug|Any CPU.Build.0 = Debug|Any CPU
		{32C22614-556C-4255-9612-22B0F98AF3FD}.Release|Any CPU.ActiveCfg = Release|Any CPU
		{32C22614-556C-4255-9612-22B0F98AF3FD}.Release|Any CPU.Build.0 = Release|Any CPU
		{15326AB3-CE78-4312-B713-25E270CBC6B0}.Debug|Any CPU.ActiveCfg = Debug|Any CPU
		{15326AB3-CE78-4312-B713-25E270CBC6B0}.Debug|Any CPU.Build.0 = Debug|Any CPU
		{15326AB3-CE78-4312-B713-25E270CBC6B0}.Release|Any CPU.ActiveCfg = Release|Any CPU
		{15326AB3-CE78-4312-B713-25E270CBC6B0}.Release|Any CPU.Build.0 = Release|Any CPU
		{5EEDD572-EDC1-4365-87B7-89F08A295535}.Debug|Any CPU.ActiveCfg = Debug|Any CPU
		{5EEDD572-EDC1-4365-87B7-89F08A295535}.Debug|Any CPU.Build.0 = Debug|Any CPU
		{5EEDD572-EDC1-4365-87B7-89F08A295535}.Release|Any CPU.ActiveCfg = Release|Any CPU
		{5EEDD572-EDC1-4365-87B7-89F08A295535}.Release|Any CPU.Build.0 = Release|Any CPU
		{EAC53775-11CB-42C6-9FFA-DE5A3B45E12D}.Debug|Any CPU.ActiveCfg = Debug|Any CPU
		{EAC53775-11CB-42C6-9FFA-DE5A3B45E12D}.Debug|Any CPU.Build.0 = Debug|Any CPU
		{EAC53775-11CB-42C6-9FFA-DE5A3B45E12D}.Release|Any CPU.ActiveCfg = Release|Any CPU
		{EAC53775-11CB-42C6-9FFA-DE5A3B45E12D}.Release|Any CPU.Build.0 = Release|Any CPU
		{3B013DC1-AFF6-4E57-BEBD-B50048A979B1}.Debug|Any CPU.ActiveCfg = Debug|Any CPU
		{3B013DC1-AFF6-4E57-BEBD-B50048A979B1}.Debug|Any CPU.Build.0 = Debug|Any CPU
		{3B013DC1-AFF6-4E57-BEBD-B50048A979B1}.Release|Any CPU.ActiveCfg = Release|Any CPU
		{3B013DC1-AFF6-4E57-BEBD-B50048A979B1}.Release|Any CPU.Build.0 = Release|Any CPU
	EndGlobalSection
	GlobalSection(SolutionProperties) = preSolution
		HideSolutionNode = FALSE
	EndGlobalSection
EndGlobal
